// !$*UTF8*$!
{
	archiveVersion = 1;
	classes = {
	};
	objectVersion = 51;
	objects = {

/* Begin PBXBuildFile section */
		4C1C89DCA029B64C050180BF /* Pods_Reciplease.framework in Frameworks */ = {isa = PBXBuildFile; fileRef = 1AA8603A006950A71A3409DB /* Pods_Reciplease.framework */; };
		F016646A22FC4C2D002D5A5A /* RecipeDetailViewController.swift in Sources */ = {isa = PBXBuildFile; fileRef = F016646922FC4C2D002D5A5A /* RecipeDetailViewController.swift */; };
		F0186BDD22F76F9B00843484 /* Int.swift in Sources */ = {isa = PBXBuildFile; fileRef = F0186BDC22F76F9B00843484 /* Int.swift */; };
		F0186BE022F780EC00843484 /* RecipeTableViewCell.swift in Sources */ = {isa = PBXBuildFile; fileRef = F0186BDE22F780EC00843484 /* RecipeTableViewCell.swift */; };
		F0186BE122F780EC00843484 /* RecipeTableViewCell.xib in Resources */ = {isa = PBXBuildFile; fileRef = F0186BDF22F780EC00843484 /* RecipeTableViewCell.xib */; };
		F0186BE322F7827E00843484 /* RecipeListTableViewController.swift in Sources */ = {isa = PBXBuildFile; fileRef = F0186BE222F7827E00843484 /* RecipeListTableViewController.swift */; };
		F059D2EA22F5AC7A00B88FA4 /* AppDelegate.swift in Sources */ = {isa = PBXBuildFile; fileRef = F059D2E922F5AC7A00B88FA4 /* AppDelegate.swift */; };
		F059D2EF22F5AC7A00B88FA4 /* Main.storyboard in Resources */ = {isa = PBXBuildFile; fileRef = F059D2ED22F5AC7A00B88FA4 /* Main.storyboard */; };
		F059D2F222F5AC7A00B88FA4 /* Reciplease.xcdatamodeld in Sources */ = {isa = PBXBuildFile; fileRef = F059D2F022F5AC7A00B88FA4 /* Reciplease.xcdatamodeld */; };
		F059D2F422F5AC7C00B88FA4 /* Assets.xcassets in Resources */ = {isa = PBXBuildFile; fileRef = F059D2F322F5AC7C00B88FA4 /* Assets.xcassets */; };
		F059D2F722F5AC7C00B88FA4 /* LaunchScreen.storyboard in Resources */ = {isa = PBXBuildFile; fileRef = F059D2F522F5AC7C00B88FA4 /* LaunchScreen.storyboard */; };
		F084A94922F7277F0093F001 /* String.swift in Sources */ = {isa = PBXBuildFile; fileRef = F084A94822F7277F0093F001 /* String.swift */; };
		F0DA94A822F5B38900D2E42F /* EdamamProtocol.swift in Sources */ = {isa = PBXBuildFile; fileRef = F0DA94A722F5B38900D2E42F /* EdamamProtocol.swift */; };
		F0DA94AA22F5B3C500D2E42F /* EdamamSession.swift in Sources */ = {isa = PBXBuildFile; fileRef = F0DA94A922F5B3C500D2E42F /* EdamamSession.swift */; };
		F0DA94AC22F5B48500D2E42F /* EdamamService.swift in Sources */ = {isa = PBXBuildFile; fileRef = F0DA94AB22F5B48500D2E42F /* EdamamService.swift */; };
		F0DA94AE22F5B59100D2E42F /* Edamam.swift in Sources */ = {isa = PBXBuildFile; fileRef = F0DA94AD22F5B59100D2E42F /* Edamam.swift */; };
		F0DA94B022F5D81200D2E42F /* IngredientListViewController.swift in Sources */ = {isa = PBXBuildFile; fileRef = F0DA94AF22F5D81200D2E42F /* IngredientListViewController.swift */; };
		F0DA94B222F5DFEB00D2E42F /* UIViewController.swift in Sources */ = {isa = PBXBuildFile; fileRef = F0DA94B122F5DFEB00D2E42F /* UIViewController.swift */; };
/* End PBXBuildFile section */

/* Begin PBXFileReference section */
		1AA8603A006950A71A3409DB /* Pods_Reciplease.framework */ = {isa = PBXFileReference; explicitFileType = wrapper.framework; includeInIndex = 0; path = Pods_Reciplease.framework; sourceTree = BUILT_PRODUCTS_DIR; };
		515E59EA34CD8665273D60BF /* Pods-Reciplease.debug.xcconfig */ = {isa = PBXFileReference; includeInIndex = 1; lastKnownFileType = text.xcconfig; name = "Pods-Reciplease.debug.xcconfig"; path = "Target Support Files/Pods-Reciplease/Pods-Reciplease.debug.xcconfig"; sourceTree = "<group>"; };
		7D825BD030CE915D90F2AE3D /* Pods-Reciplease.release.xcconfig */ = {isa = PBXFileReference; includeInIndex = 1; lastKnownFileType = text.xcconfig; name = "Pods-Reciplease.release.xcconfig"; path = "Target Support Files/Pods-Reciplease/Pods-Reciplease.release.xcconfig"; sourceTree = "<group>"; };
		F016646922FC4C2D002D5A5A /* RecipeDetailViewController.swift */ = {isa = PBXFileReference; lastKnownFileType = sourcecode.swift; path = RecipeDetailViewController.swift; sourceTree = "<group>"; };
		F0186BDC22F76F9B00843484 /* Int.swift */ = {isa = PBXFileReference; lastKnownFileType = sourcecode.swift; path = Int.swift; sourceTree = "<group>"; };
		F0186BDE22F780EC00843484 /* RecipeTableViewCell.swift */ = {isa = PBXFileReference; lastKnownFileType = sourcecode.swift; path = RecipeTableViewCell.swift; sourceTree = "<group>"; };
		F0186BDF22F780EC00843484 /* RecipeTableViewCell.xib */ = {isa = PBXFileReference; lastKnownFileType = file.xib; path = RecipeTableViewCell.xib; sourceTree = "<group>"; };
		F0186BE222F7827E00843484 /* RecipeListTableViewController.swift */ = {isa = PBXFileReference; lastKnownFileType = sourcecode.swift; path = RecipeListTableViewController.swift; sourceTree = "<group>"; };
		F059D2E622F5AC7A00B88FA4 /* Reciplease.app */ = {isa = PBXFileReference; explicitFileType = wrapper.application; includeInIndex = 0; path = Reciplease.app; sourceTree = BUILT_PRODUCTS_DIR; };
		F059D2E922F5AC7A00B88FA4 /* AppDelegate.swift */ = {isa = PBXFileReference; lastKnownFileType = sourcecode.swift; path = AppDelegate.swift; sourceTree = "<group>"; };
		F059D2EE22F5AC7A00B88FA4 /* Base */ = {isa = PBXFileReference; lastKnownFileType = file.storyboard; name = Base; path = Base.lproj/Main.storyboard; sourceTree = "<group>"; };
		F059D2F122F5AC7A00B88FA4 /* Reciplease.xcdatamodel */ = {isa = PBXFileReference; lastKnownFileType = wrapper.xcdatamodel; path = Reciplease.xcdatamodel; sourceTree = "<group>"; };
		F059D2F322F5AC7C00B88FA4 /* Assets.xcassets */ = {isa = PBXFileReference; lastKnownFileType = folder.assetcatalog; path = Assets.xcassets; sourceTree = "<group>"; };
		F059D2F622F5AC7C00B88FA4 /* Base */ = {isa = PBXFileReference; lastKnownFileType = file.storyboard; name = Base; path = Base.lproj/LaunchScreen.storyboard; sourceTree = "<group>"; };
		F059D2F822F5AC7C00B88FA4 /* Info.plist */ = {isa = PBXFileReference; lastKnownFileType = text.plist.xml; path = Info.plist; sourceTree = "<group>"; };
		F084A94822F7277F0093F001 /* String.swift */ = {isa = PBXFileReference; lastKnownFileType = sourcecode.swift; path = String.swift; sourceTree = "<group>"; };
		F0DA94A722F5B38900D2E42F /* EdamamProtocol.swift */ = {isa = PBXFileReference; lastKnownFileType = sourcecode.swift; path = EdamamProtocol.swift; sourceTree = "<group>"; };
		F0DA94A922F5B3C500D2E42F /* EdamamSession.swift */ = {isa = PBXFileReference; lastKnownFileType = sourcecode.swift; path = EdamamSession.swift; sourceTree = "<group>"; };
		F0DA94AB22F5B48500D2E42F /* EdamamService.swift */ = {isa = PBXFileReference; lastKnownFileType = sourcecode.swift; path = EdamamService.swift; sourceTree = "<group>"; };
		F0DA94AD22F5B59100D2E42F /* Edamam.swift */ = {isa = PBXFileReference; lastKnownFileType = sourcecode.swift; path = Edamam.swift; sourceTree = "<group>"; };
		F0DA94AF22F5D81200D2E42F /* IngredientListViewController.swift */ = {isa = PBXFileReference; lastKnownFileType = sourcecode.swift; path = IngredientListViewController.swift; sourceTree = "<group>"; };
		F0DA94B122F5DFEB00D2E42F /* UIViewController.swift */ = {isa = PBXFileReference; lastKnownFileType = sourcecode.swift; path = UIViewController.swift; sourceTree = "<group>"; };
/* End PBXFileReference section */

/* Begin PBXFrameworksBuildPhase section */
		F059D2E322F5AC7A00B88FA4 /* Frameworks */ = {
			isa = PBXFrameworksBuildPhase;
			buildActionMask = 2147483647;
			files = (
				4C1C89DCA029B64C050180BF /* Pods_Reciplease.framework in Frameworks */,
			);
			runOnlyForDeploymentPostprocessing = 0;
		};
/* End PBXFrameworksBuildPhase section */

/* Begin PBXGroup section */
		465AF07A3FC572E1AB30E579 /* Frameworks */ = {
			isa = PBXGroup;
			children = (
				1AA8603A006950A71A3409DB /* Pods_Reciplease.framework */,
			);
			name = Frameworks;
			sourceTree = "<group>";
		};
		CE95D29DCCCD0DF1D936A392 /* Pods */ = {
			isa = PBXGroup;
			children = (
				515E59EA34CD8665273D60BF /* Pods-Reciplease.debug.xcconfig */,
				7D825BD030CE915D90F2AE3D /* Pods-Reciplease.release.xcconfig */,
			);
			path = Pods;
			sourceTree = "<group>";
		};
		F059D2DD22F5AC7A00B88FA4 = {
			isa = PBXGroup;
			children = (
				F059D2E822F5AC7A00B88FA4 /* Reciplease */,
				F059D2E722F5AC7A00B88FA4 /* Products */,
				CE95D29DCCCD0DF1D936A392 /* Pods */,
				465AF07A3FC572E1AB30E579 /* Frameworks */,
			);
			sourceTree = "<group>";
		};
		F059D2E722F5AC7A00B88FA4 /* Products */ = {
			isa = PBXGroup;
			children = (
				F059D2E622F5AC7A00B88FA4 /* Reciplease.app */,
			);
			name = Products;
			sourceTree = "<group>";
		};
		F059D2E822F5AC7A00B88FA4 /* Reciplease */ = {
			isa = PBXGroup;
			children = (
				F0DA94A322F5B2AC00D2E42F /* Supported Files */,
				F0DA94A622F5B2D600D2E42F /* Model */,
				F0DA94A422F5B2BD00D2E42F /* View */,
				F0DA94A522F5B2CA00D2E42F /* Controller */,
				F0DA94B322F5DFF100D2E42F /* Extension */,
			);
			path = Reciplease;
			sourceTree = "<group>";
		};
		F0DA94A322F5B2AC00D2E42F /* Supported Files */ = {
			isa = PBXGroup;
			children = (
				F059D2E922F5AC7A00B88FA4 /* AppDelegate.swift */,
				F059D2F322F5AC7C00B88FA4 /* Assets.xcassets */,
				F059D2F822F5AC7C00B88FA4 /* Info.plist */,
			);
			path = "Supported Files";
			sourceTree = "<group>";
		};
		F0DA94A422F5B2BD00D2E42F /* View */ = {
			isa = PBXGroup;
			children = (
				F059D2ED22F5AC7A00B88FA4 /* Main.storyboard */,
				F059D2F522F5AC7C00B88FA4 /* LaunchScreen.storyboard */,
				F0186BDF22F780EC00843484 /* RecipeTableViewCell.xib */,
				F0186BDE22F780EC00843484 /* RecipeTableViewCell.swift */,
			);
			path = View;
			sourceTree = "<group>";
		};
		F0DA94A522F5B2CA00D2E42F /* Controller */ = {
			isa = PBXGroup;
			children = (
				F0DA94AF22F5D81200D2E42F /* IngredientListViewController.swift */,
				F0186BE222F7827E00843484 /* RecipeListTableViewController.swift */,
				F016646922FC4C2D002D5A5A /* RecipeDetailViewController.swift */,
			);
			path = Controller;
			sourceTree = "<group>";
		};
		F0DA94A622F5B2D600D2E42F /* Model */ = {
			isa = PBXGroup;
			children = (
				F059D2F022F5AC7A00B88FA4 /* Reciplease.xcdatamodeld */,
				F0DA94A722F5B38900D2E42F /* EdamamProtocol.swift */,
				F0DA94A922F5B3C500D2E42F /* EdamamSession.swift */,
				F0DA94AB22F5B48500D2E42F /* EdamamService.swift */,
				F0DA94AD22F5B59100D2E42F /* Edamam.swift */,
			);
			path = Model;
			sourceTree = "<group>";
		};
		F0DA94B322F5DFF100D2E42F /* Extension */ = {
			isa = PBXGroup;
			children = (
				F0DA94B122F5DFEB00D2E42F /* UIViewController.swift */,
				F084A94822F7277F0093F001 /* String.swift */,
				F0186BDC22F76F9B00843484 /* Int.swift */,
			);
			path = Extension;
			sourceTree = "<group>";
		};
/* End PBXGroup section */

/* Begin PBXNativeTarget section */
		F059D2E522F5AC7A00B88FA4 /* Reciplease */ = {
			isa = PBXNativeTarget;
			buildConfigurationList = F059D2FB22F5AC7C00B88FA4 /* Build configuration list for PBXNativeTarget "Reciplease" */;
			buildPhases = (
				B48C8004AED8E2BCA636F823 /* [CP] Check Pods Manifest.lock */,
				F059D2E222F5AC7A00B88FA4 /* Sources */,
				F059D2E322F5AC7A00B88FA4 /* Frameworks */,
				F059D2E422F5AC7A00B88FA4 /* Resources */,
				551EA58CAE07656A7F309816 /* [CP] Embed Pods Frameworks */,
			);
			buildRules = (
			);
			dependencies = (
			);
			name = Reciplease;
			productName = Reciplease;
			productReference = F059D2E622F5AC7A00B88FA4 /* Reciplease.app */;
			productType = "com.apple.product-type.application";
		};
/* End PBXNativeTarget section */

/* Begin PBXProject section */
		F059D2DE22F5AC7A00B88FA4 /* Project object */ = {
			isa = PBXProject;
			attributes = {
				LastSwiftUpdateCheck = 1030;
				LastUpgradeCheck = 1030;
				ORGANIZATIONNAME = "Djilali Sakkar";
				TargetAttributes = {
					F059D2E522F5AC7A00B88FA4 = {
						CreatedOnToolsVersion = 10.3;
					};
				};
			};
			buildConfigurationList = F059D2E122F5AC7A00B88FA4 /* Build configuration list for PBXProject "Reciplease" */;
			compatibilityVersion = "Xcode 9.3";
			developmentRegion = en;
			hasScannedForEncodings = 0;
			knownRegions = (
				en,
				Base,
			);
			mainGroup = F059D2DD22F5AC7A00B88FA4;
			productRefGroup = F059D2E722F5AC7A00B88FA4 /* Products */;
			projectDirPath = "";
			projectRoot = "";
			targets = (
				F059D2E522F5AC7A00B88FA4 /* Reciplease */,
			);
		};
/* End PBXProject section */

/* Begin PBXResourcesBuildPhase section */
		F059D2E422F5AC7A00B88FA4 /* Resources */ = {
			isa = PBXResourcesBuildPhase;
			buildActionMask = 2147483647;
			files = (
				F059D2F722F5AC7C00B88FA4 /* LaunchScreen.storyboard in Resources */,
				F059D2F422F5AC7C00B88FA4 /* Assets.xcassets in Resources */,
				F059D2EF22F5AC7A00B88FA4 /* Main.storyboard in Resources */,
				F0186BE122F780EC00843484 /* RecipeTableViewCell.xib in Resources */,
			);
			runOnlyForDeploymentPostprocessing = 0;
		};
/* End PBXResourcesBuildPhase section */

/* Begin PBXShellScriptBuildPhase section */
		551EA58CAE07656A7F309816 /* [CP] Embed Pods Frameworks */ = {
			isa = PBXShellScriptBuildPhase;
			buildActionMask = 2147483647;
			files = (
			);
			inputFileListPaths = (
				"${PODS_ROOT}/Target Support Files/Pods-Reciplease/Pods-Reciplease-frameworks-${CONFIGURATION}-input-files.xcfilelist",
			);
			name = "[CP] Embed Pods Frameworks";
			outputFileListPaths = (
				"${PODS_ROOT}/Target Support Files/Pods-Reciplease/Pods-Reciplease-frameworks-${CONFIGURATION}-output-files.xcfilelist",
			);
			runOnlyForDeploymentPostprocessing = 0;
			shellPath = /bin/sh;
			shellScript = "\"${PODS_ROOT}/Target Support Files/Pods-Reciplease/Pods-Reciplease-frameworks.sh\"\n";
			showEnvVarsInLog = 0;
		};
		B48C8004AED8E2BCA636F823 /* [CP] Check Pods Manifest.lock */ = {
			isa = PBXShellScriptBuildPhase;
			buildActionMask = 2147483647;
			files = (
			);
			inputFileListPaths = (
			);
			inputPaths = (
				"${PODS_PODFILE_DIR_PATH}/Podfile.lock",
				"${PODS_ROOT}/Manifest.lock",
			);
			name = "[CP] Check Pods Manifest.lock";
			outputFileListPaths = (
			);
			outputPaths = (
				"$(DERIVED_FILE_DIR)/Pods-Reciplease-checkManifestLockResult.txt",
			);
			runOnlyForDeploymentPostprocessing = 0;
			shellPath = /bin/sh;
			shellScript = "diff \"${PODS_PODFILE_DIR_PATH}/Podfile.lock\" \"${PODS_ROOT}/Manifest.lock\" > /dev/null\nif [ $? != 0 ] ; then\n    # print error to STDERR\n    echo \"error: The sandbox is not in sync with the Podfile.lock. Run 'pod install' or update your CocoaPods installation.\" >&2\n    exit 1\nfi\n# This output is used by Xcode 'outputs' to avoid re-running this script phase.\necho \"SUCCESS\" > \"${SCRIPT_OUTPUT_FILE_0}\"\n";
			showEnvVarsInLog = 0;
		};
/* End PBXShellScriptBuildPhase section */

/* Begin PBXSourcesBuildPhase section */
		F059D2E222F5AC7A00B88FA4 /* Sources */ = {
			isa = PBXSourcesBuildPhase;
			buildActionMask = 2147483647;
			files = (
				F0186BDD22F76F9B00843484 /* Int.swift in Sources */,
				F0186BE322F7827E00843484 /* RecipeListTableViewController.swift in Sources */,
				F0DA94B022F5D81200D2E42F /* IngredientListViewController.swift in Sources */,
				F059D2F222F5AC7A00B88FA4 /* Reciplease.xcdatamodeld in Sources */,
				F0186BE022F780EC00843484 /* RecipeTableViewCell.swift in Sources */,
				F0DA94AE22F5B59100D2E42F /* Edamam.swift in Sources */,
				F084A94922F7277F0093F001 /* String.swift in Sources */,
				F0DA94AA22F5B3C500D2E42F /* EdamamSession.swift in Sources */,
				F0DA94AC22F5B48500D2E42F /* EdamamService.swift in Sources */,
				F0DA94A822F5B38900D2E42F /* EdamamProtocol.swift in Sources */,
				F0DA94B222F5DFEB00D2E42F /* UIViewController.swift in Sources */,
				F016646A22FC4C2D002D5A5A /* RecipeDetailViewController.swift in Sources */,
				F059D2EA22F5AC7A00B88FA4 /* AppDelegate.swift in Sources */,
			);
			runOnlyForDeploymentPostprocessing = 0;
		};
/* End PBXSourcesBuildPhase section */

/* Begin PBXVariantGroup section */
		F059D2ED22F5AC7A00B88FA4 /* Main.storyboard */ = {
			isa = PBXVariantGroup;
			children = (
				F059D2EE22F5AC7A00B88FA4 /* Base */,
			);
			name = Main.storyboard;
			sourceTree = "<group>";
		};
		F059D2F522F5AC7C00B88FA4 /* LaunchScreen.storyboard */ = {
			isa = PBXVariantGroup;
			children = (
				F059D2F622F5AC7C00B88FA4 /* Base */,
			);
			name = LaunchScreen.storyboard;
			sourceTree = "<group>";
		};
/* End PBXVariantGroup section */

/* Begin XCBuildConfiguration section */
		F059D2F922F5AC7C00B88FA4 /* Debug */ = {
			isa = XCBuildConfiguration;
			buildSettings = {
				ALWAYS_SEARCH_USER_PATHS = NO;
				CLANG_ANALYZER_NONNULL = YES;
				CLANG_ANALYZER_NUMBER_OBJECT_CONVERSION = YES_AGGRESSIVE;
				CLANG_CXX_LANGUAGE_STANDARD = "gnu++14";
				CLANG_CXX_LIBRARY = "libc++";
				CLANG_ENABLE_MODULES = YES;
				CLANG_ENABLE_OBJC_ARC = YES;
				CLANG_ENABLE_OBJC_WEAK = YES;
				CLANG_WARN_BLOCK_CAPTURE_AUTORELEASING = YES;
				CLANG_WARN_BOOL_CONVERSION = YES;
				CLANG_WARN_COMMA = YES;
				CLANG_WARN_CONSTANT_CONVERSION = YES;
				CLANG_WARN_DEPRECATED_OBJC_IMPLEMENTATIONS = YES;
				CLANG_WARN_DIRECT_OBJC_ISA_USAGE = YES_ERROR;
				CLANG_WARN_DOCUMENTATION_COMMENTS = YES;
				CLANG_WARN_EMPTY_BODY = YES;
				CLANG_WARN_ENUM_CONVERSION = YES;
				CLANG_WARN_INFINITE_RECURSION = YES;
				CLANG_WARN_INT_CONVERSION = YES;
				CLANG_WARN_NON_LITERAL_NULL_CONVERSION = YES;
				CLANG_WARN_OBJC_IMPLICIT_RETAIN_SELF = YES;
				CLANG_WARN_OBJC_LITERAL_CONVERSION = YES;
				CLANG_WARN_OBJC_ROOT_CLASS = YES_ERROR;
				CLANG_WARN_RANGE_LOOP_ANALYSIS = YES;
				CLANG_WARN_STRICT_PROTOTYPES = YES;
				CLANG_WARN_SUSPICIOUS_MOVE = YES;
				CLANG_WARN_UNGUARDED_AVAILABILITY = YES_AGGRESSIVE;
				CLANG_WARN_UNREACHABLE_CODE = YES;
				CLANG_WARN__DUPLICATE_METHOD_MATCH = YES;
				CODE_SIGN_IDENTITY = "iPhone Developer";
				COPY_PHASE_STRIP = NO;
				DEBUG_INFORMATION_FORMAT = dwarf;
				ENABLE_STRICT_OBJC_MSGSEND = YES;
				ENABLE_TESTABILITY = YES;
				GCC_C_LANGUAGE_STANDARD = gnu11;
				GCC_DYNAMIC_NO_PIC = NO;
				GCC_NO_COMMON_BLOCKS = YES;
				GCC_OPTIMIZATION_LEVEL = 0;
				GCC_PREPROCESSOR_DEFINITIONS = (
					"DEBUG=1",
					"$(inherited)",
				);
				GCC_WARN_64_TO_32_BIT_CONVERSION = YES;
				GCC_WARN_ABOUT_RETURN_TYPE = YES_ERROR;
				GCC_WARN_UNDECLARED_SELECTOR = YES;
				GCC_WARN_UNINITIALIZED_AUTOS = YES_AGGRESSIVE;
				GCC_WARN_UNUSED_FUNCTION = YES;
				GCC_WARN_UNUSED_VARIABLE = YES;
				IPHONEOS_DEPLOYMENT_TARGET = 12.4;
				MTL_ENABLE_DEBUG_INFO = INCLUDE_SOURCE;
				MTL_FAST_MATH = YES;
				ONLY_ACTIVE_ARCH = YES;
				SDKROOT = iphoneos;
				SWIFT_ACTIVE_COMPILATION_CONDITIONS = DEBUG;
				SWIFT_OPTIMIZATION_LEVEL = "-Onone";
			};
			name = Debug;
		};
		F059D2FA22F5AC7C00B88FA4 /* Release */ = {
			isa = XCBuildConfiguration;
			buildSettings = {
				ALWAYS_SEARCH_USER_PATHS = NO;
				CLANG_ANALYZER_NONNULL = YES;
				CLANG_ANALYZER_NUMBER_OBJECT_CONVERSION = YES_AGGRESSIVE;
				CLANG_CXX_LANGUAGE_STANDARD = "gnu++14";
				CLANG_CXX_LIBRARY = "libc++";
				CLANG_ENABLE_MODULES = YES;
				CLANG_ENABLE_OBJC_ARC = YES;
				CLANG_ENABLE_OBJC_WEAK = YES;
				CLANG_WARN_BLOCK_CAPTURE_AUTORELEASING = YES;
				CLANG_WARN_BOOL_CONVERSION = YES;
				CLANG_WARN_COMMA = YES;
				CLANG_WARN_CONSTANT_CONVERSION = YES;
				CLANG_WARN_DEPRECATED_OBJC_IMPLEMENTATIONS = YES;
				CLANG_WARN_DIRECT_OBJC_ISA_USAGE = YES_ERROR;
				CLANG_WARN_DOCUMENTATION_COMMENTS = YES;
				CLANG_WARN_EMPTY_BODY = YES;
				CLANG_WARN_ENUM_CONVERSION = YES;
				CLANG_WARN_INFINITE_RECURSION = YES;
				CLANG_WARN_INT_CONVERSION = YES;
				CLANG_WARN_NON_LITERAL_NULL_CONVERSION = YES;
				CLANG_WARN_OBJC_IMPLICIT_RETAIN_SELF = YES;
				CLANG_WARN_OBJC_LITERAL_CONVERSION = YES;
				CLANG_WARN_OBJC_ROOT_CLASS = YES_ERROR;
				CLANG_WARN_RANGE_LOOP_ANALYSIS = YES;
				CLANG_WARN_STRICT_PROTOTYPES = YES;
				CLANG_WARN_SUSPICIOUS_MOVE = YES;
				CLANG_WARN_UNGUARDED_AVAILABILITY = YES_AGGRESSIVE;
				CLANG_WARN_UNREACHABLE_CODE = YES;
				CLANG_WARN__DUPLICATE_METHOD_MATCH = YES;
				CODE_SIGN_IDENTITY = "iPhone Developer";
				COPY_PHASE_STRIP = NO;
				DEBUG_INFORMATION_FORMAT = "dwarf-with-dsym";
				ENABLE_NS_ASSERTIONS = NO;
				ENABLE_STRICT_OBJC_MSGSEND = YES;
				GCC_C_LANGUAGE_STANDARD = gnu11;
				GCC_NO_COMMON_BLOCKS = YES;
				GCC_WARN_64_TO_32_BIT_CONVERSION = YES;
				GCC_WARN_ABOUT_RETURN_TYPE = YES_ERROR;
				GCC_WARN_UNDECLARED_SELECTOR = YES;
				GCC_WARN_UNINITIALIZED_AUTOS = YES_AGGRESSIVE;
				GCC_WARN_UNUSED_FUNCTION = YES;
				GCC_WARN_UNUSED_VARIABLE = YES;
				IPHONEOS_DEPLOYMENT_TARGET = 12.4;
				MTL_ENABLE_DEBUG_INFO = NO;
				MTL_FAST_MATH = YES;
				SDKROOT = iphoneos;
				SWIFT_COMPILATION_MODE = wholemodule;
				SWIFT_OPTIMIZATION_LEVEL = "-O";
				VALIDATE_PRODUCT = YES;
			};
			name = Release;
		};
		F059D2FC22F5AC7C00B88FA4 /* Debug */ = {
			isa = XCBuildConfiguration;
			baseConfigurationReference = 515E59EA34CD8665273D60BF /* Pods-Reciplease.debug.xcconfig */;
			buildSettings = {
				ASSETCATALOG_COMPILER_APPICON_NAME = AppIcon;
				CODE_SIGN_STYLE = Automatic;
				DEVELOPMENT_TEAM = NBSSU42XDA;
				INFOPLIST_FILE = "$(SRCROOT)/Reciplease/Supported Files/Info.plist";
				LD_RUNPATH_SEARCH_PATHS = (
					"$(inherited)",
					"@executable_path/Frameworks",
				);
				PRODUCT_BUNDLE_IDENTIFIER = fr.djilalisakkar.Reciplease;
				PRODUCT_NAME = "$(TARGET_NAME)";
				SWIFT_VERSION = 5.0;
				TARGETED_DEVICE_FAMILY = "1,2";
			};
			name = Debug;
		};
		F059D2FD22F5AC7C00B88FA4 /* Release */ = {
			isa = XCBuildConfiguration;
			baseConfigurationReference = 7D825BD030CE915D90F2AE3D /* Pods-Reciplease.release.xcconfig */;
			buildSettings = {
				ASSETCATALOG_COMPILER_APPICON_NAME = AppIcon;
				CODE_SIGN_STYLE = Automatic;
				DEVELOPMENT_TEAM = NBSSU42XDA;
				INFOPLIST_FILE = "$(SRCROOT)/Reciplease/Supported Files/Info.plist";
				LD_RUNPATH_SEARCH_PATHS = (
					"$(inherited)",
					"@executable_path/Frameworks",
				);
				PRODUCT_BUNDLE_IDENTIFIER = fr.djilalisakkar.Reciplease;
				PRODUCT_NAME = "$(TARGET_NAME)";
				SWIFT_VERSION = 5.0;
				TARGETED_DEVICE_FAMILY = "1,2";
			};
			name = Release;
		};
/* End XCBuildConfiguration section */

/* Begin XCConfigurationList section */
		F059D2E122F5AC7A00B88FA4 /* Build configuration list for PBXProject "Reciplease" */ = {
			isa = XCConfigurationList;
			buildConfigurations = (
				F059D2F922F5AC7C00B88FA4 /* Debug */,
				F059D2FA22F5AC7C00B88FA4 /* Release */,
			);
			defaultConfigurationIsVisible = 0;
			defaultConfigurationName = Release;
		};
		F059D2FB22F5AC7C00B88FA4 /* Build configuration list for PBXNativeTarget "Reciplease" */ = {
			isa = XCConfigurationList;
			buildConfigurations = (
				F059D2FC22F5AC7C00B88FA4 /* Debug */,
				F059D2FD22F5AC7C00B88FA4 /* Release */,
			);
			defaultConfigurationIsVisible = 0;
			defaultConfigurationName = Release;
		};
/* End XCConfigurationList section */

/* Begin XCVersionGroup section */
		F059D2F022F5AC7A00B88FA4 /* Reciplease.xcdatamodeld */ = {
			isa = XCVersionGroup;
			children = (
				F059D2F122F5AC7A00B88FA4 /* Reciplease.xcdatamodel */,
			);
			currentVersion = F059D2F122F5AC7A00B88FA4 /* Reciplease.xcdatamodel */;
			path = Reciplease.xcdatamodeld;
			sourceTree = "<group>";
			versionGroupType = wrapper.xcdatamodel;
		};
/* End XCVersionGroup section */
	};
	rootObject = F059D2DE22F5AC7A00B88FA4 /* Project object */;
}
